
Microsoft Visual Studio Solution File, Format Version 12.00
# Visual Studio 15
VisualStudioVersion = 15.0.27703.2042
MinimumVisualStudioVersion = 10.0.40219.1
Project("{FAE04EC0-301F-11D3-BF4B-00C04F79EFBC}") = "ScanProcess", "ScanProcess\ScanProcess.csproj", "{431F28F9-3B44-4EDF-ACB8-3A9ABA07BA22}"
EndProject
Global
	GlobalSection(SolutionConfigurationPlatforms) = preSolution
		Debug|Any CPU = Debug|Any CPU
		Release|Any CPU = Release|Any CPU
	EndGlobalSection
	GlobalSection(ProjectConfigurationPlatforms) = postSolution
		{431F28F9-3B44-4EDF-ACB8-3A9ABA07BA22}.Debug|Any CPU.ActiveCfg = Debug|Any CPU
		{431F28F9-3B44-4EDF-ACB8-3A9ABA07BA22}.Debug|Any CPU.Build.0 = Debug|Any CPU
		{431F28F9-3B44-4EDF-ACB8-3A9ABA07BA22}.Release|Any CPU.ActiveCfg = Release|Any CPU
		{431F28F9-3B44-4EDF-ACB8-3A9ABA07BA22}.Release|Any CPU.Build.0 = Release|Any CPU
	EndGlobalSection
	GlobalSection(SolutionProperties) = preSolution
		HideSolutionNode = FALSE
	EndGlobalSection
	GlobalSection(ExtensibilityGlobals) = postSolution
		SolutionGuid = {73D37A40-4865-467E-9CDF-4C01240EE165}
	EndGlobalSection
EndGlobal
